<?xml version="1.0" encoding="utf-8"?>
<Project ToolsVersion="4.0" xmlns="http://schemas.microsoft.com/developer/msbuild/2003">
  <ItemGroup>
    <Filter Include="Source Files">
      <UniqueIdentifier>{4FC737F1-C7A5-4376-A066-2A32D752A2FF}</UniqueIdentifier>
      <Extensions>cpp;c;cc;cxx;def;odl;idl;hpj;bat;asm;asmx</Extensions>
    </Filter>
    <Filter Include="Header Files">
      <UniqueIdentifier>{93995380-89BD-4b04-88EB-625FBE52EBFB}</UniqueIdentifier>
      <Extensions>h;hh;hpp;hxx;hm;inl;inc;xsd</Extensions>
    </Filter>
    <Filter Include="Resource Files">
      <UniqueIdentifier>{67DA6AB6-F800-4c08-8B7A-83BB121AAD01}</UniqueIdentifier>
      <Extensions>rc;ico;cur;bmp;dlg;rc2;rct;bin;rgs;gif;jpg;jpeg;jpe;resx;tiff;tif;png;wav;mfcribbon-ms</Extensions>
    </Filter>
    <Filter Include="Source Files\src">
      <UniqueIdentifier>{e8c51318-9227-4732-99db-4674d0ac542a}</UniqueIdentifier>
    </Filter>
    <Filter Include="Source Files\src\patterns">
      <UniqueIdentifier>{b485c4b3-0f16-4eaa-a2af-0d22b84b3008}</UniqueIdentifier>
    </Filter>
    <Filter Include="Source Files\src\utils">
      <UniqueIdentifier>{f45916e8-1bd1-4d0f-9e70-fc3d1ea33cf6}</UniqueIdentifier>
    </Filter>
  </ItemGroup>
  <ItemGroup>
    <ClInclude Include="stdafx.h">
      <Filter>Header Files</Filter>
    </ClInclude>
    <ClInclude Include="targetver.h">
      <Filter>Header Files</Filter>
    </ClInclude>
    <ClInclude Include="..\..\include\redis3m\cluster_pool.h">
      <Filter>Header Files</Filter>
    </ClInclude>
    <ClInclude Include="..\..\include\redis3m\command.h">
      <Filter>Header Files</Filter>
    </ClInclude>
    <ClInclude Include="..\..\include\redis3m\connection.h">
      <Filter>Header Files</Filter>
    </ClInclude>
    <ClInclude Include="..\..\include\redis3m\connection_pool.h">
      <Filter>Header Files</Filter>
    </ClInclude>
    <ClInclude Include="..\..\include\redis3m\redis3m.hpp">
      <Filter>Header Files</Filter>
    </ClInclude>
    <ClInclude Include="..\..\include\redis3m\reply.h">
      <Filter>Header Files</Filter>
    </ClInclude>
    <ClInclude Include="..\..\include\redis3m\simple_pool.h">
      <Filter>Header Files</Filter>
    </ClInclude>
    <ClInclude Include="..\..\include\redis3m\NoCopy.h">
      <Filter>Header Files</Filter>
    </ClInclude>
  </ItemGroup>
  <ItemGroup>
    <ClCompile Include="..\..\src\cluster_pool.cpp">
      <Filter>Source Files\src</Filter>
    </ClCompile>
    <ClCompile Include="..\..\src\connection.cpp">
      <Filter>Source Files\src</Filter>
    </ClCompile>
    <ClCompile Include="..\..\src\connection_pool.cpp">
      <Filter>Source Files\src</Filter>
    </ClCompile>
    <ClCompile Include="..\..\src\reply.cpp">
      <Filter>Source Files\src</Filter>
    </ClCompile>
    <ClCompile Include="..\..\src\simple_pool.cpp">
      <Filter>Source Files\src</Filter>
    </ClCompile>
    <ClCompile Include="..\..\src\patterns\median_filter.cpp">
      <Filter>Source Files\src\patterns</Filter>
    </ClCompile>
    <ClCompile Include="..\..\src\patterns\script_exec.cpp">
      <Filter>Source Files\src\patterns</Filter>
    </ClCompile>
    <ClCompile Include="..\..\src\utils\crc16.cpp">
      <Filter>Source Files\src\utils</Filter>
    </ClCompile>
    <ClCompile Include="..\..\src\utils\file.cpp">
      <Filter>Source Files\src\utils</Filter>
    </ClCompile>
    <ClCompile Include="..\..\src\utils\logging.cpp">
      <Filter>Source Files\src\utils</Filter>
    </ClCompile>
    <ClCompile Include="..\..\src\utils\resolv.cpp">
      <Filter>Source Files\src\utils</Filter>
    </ClCompile>
    <ClCompile Include="..\..\src\utils\sha1.cpp">
      <Filter>Source Files\src\utils</Filter>
    </ClCompile>
  </ItemGroup>
</Project>